
Microsoft Visual Studio Solution File, Format Version 12.00
# Visual Studio 14
VisualStudioVersion = 14.0.25420.1
MinimumVisualStudioVersion = 10.0.40219.1
Project("{2150E333-8FDC-42A3-9474-1A3956D46DE8}") = "src", "src", "{4BEE2303-982D-46C4-BD5E-59AEFC87F5F8}"
EndProject
Project("{2150E333-8FDC-42A3-9474-1A3956D46DE8}") = "Solution Items", "Solution Items", "{F6AA831D-8D47-4289-95D9-060741F6B41F}"
	ProjectSection(SolutionItems) = preProject
		.gitignore = .gitignore
		global.json = global.json
		README.md = README.md
	EndProjectSection
EndProject
Project("{2150E333-8FDC-42A3-9474-1A3956D46DE8}") = "test", "test", "{5B5F0FD2-9A68-49EC-A221-B95CEFE20F7E}"
EndProject
Project("{8BB2217D-0F2D-49D1-97BC-3654ED321F3B}") = "TestMigrations", "test\TestMigrations\TestMigrations.xproj", "{D536DF1C-2981-46D7-B370-BFF127D15CAA}"
EndProject
Project("{8BB2217D-0F2D-49D1-97BC-3654ED321F3B}") = "FluentMigrator.Runner.Cli", "src\FluentMigrator.Runner.Cli\FluentMigrator.Runner.Cli.xproj", "{E1C54C4D-5DF5-4004-BE84-B95AAE7898A9}"
EndProject
Project("{8BB2217D-0F2D-49D1-97BC-3654ED321F3B}") = "FluentMigrator.Runner.Cli.Executor", "src\FluentMigrator.Runner.Cli.Executor\FluentMigrator.Runner.Cli.Executor.xproj", "{E905050A-294E-46AC-A8BA-3F1DE3A69D9D}"
EndProject
Global
	GlobalSection(SolutionConfigurationPlatforms) = preSolution
		Debug|Any CPU = Debug|Any CPU
		Release|Any CPU = Release|Any CPU
	EndGlobalSection
	GlobalSection(ProjectConfigurationPlatforms) = postSolution
		{D536DF1C-2981-46D7-B370-BFF127D15CAA}.Debug|Any CPU.ActiveCfg = Debug|Any CPU
		{D536DF1C-2981-46D7-B370-BFF127D15CAA}.Debug|Any CPU.Build.0 = Debug|Any CPU
		{D536DF1C-2981-46D7-B370-BFF127D15CAA}.Release|Any CPU.ActiveCfg = Release|Any CPU
		{D536DF1C-2981-46D7-B370-BFF127D15CAA}.Release|Any CPU.Build.0 = Release|Any CPU
		{E1C54C4D-5DF5-4004-BE84-B95AAE7898A9}.Debug|Any CPU.ActiveCfg = Debug|Any CPU
		{E1C54C4D-5DF5-4004-BE84-B95AAE7898A9}.Debug|Any CPU.Build.0 = Debug|Any CPU
		{E1C54C4D-5DF5-4004-BE84-B95AAE7898A9}.Release|Any CPU.ActiveCfg = Release|Any CPU
		{E1C54C4D-5DF5-4004-BE84-B95AAE7898A9}.Release|Any CPU.Build.0 = Release|Any CPU
		{E905050A-294E-46AC-A8BA-3F1DE3A69D9D}.Debug|Any CPU.ActiveCfg = Debug|Any CPU
		{E905050A-294E-46AC-A8BA-3F1DE3A69D9D}.Debug|Any CPU.Build.0 = Debug|Any CPU
		{E905050A-294E-46AC-A8BA-3F1DE3A69D9D}.Release|Any CPU.ActiveCfg = Release|Any CPU
		{E905050A-294E-46AC-A8BA-3F1DE3A69D9D}.Release|Any CPU.Build.0 = Release|Any CPU
	EndGlobalSection
	GlobalSection(SolutionProperties) = preSolution
		HideSolutionNode = FALSE
	EndGlobalSection
	GlobalSection(NestedProjects) = preSolution
		{D536DF1C-2981-46D7-B370-BFF127D15CAA} = {5B5F0FD2-9A68-49EC-A221-B95CEFE20F7E}
		{E1C54C4D-5DF5-4004-BE84-B95AAE7898A9} = {4BEE2303-982D-46C4-BD5E-59AEFC87F5F8}
		{E905050A-294E-46AC-A8BA-3F1DE3A69D9D} = {4BEE2303-982D-46C4-BD5E-59AEFC87F5F8}
	EndGlobalSection
EndGlobal
